// !$*UTF8*$!
{
	archiveVersion = 1;
	classes = {
	};
	objectVersion = 56;
	objects = {

/* Begin PBXBuildFile section */
		BECCFC362C7314880080FB56 /* HomeView.swift in Sources */ = {isa = PBXBuildFile; fileRef = BECCFC352C7314880080FB56 /* HomeView.swift */; };
		BECCFC392C7315200080FB56 /* TopMoverView.swift in Sources */ = {isa = PBXBuildFile; fileRef = BECCFC382C7315200080FB56 /* TopMoverView.swift */; };
		BECCFC3B2C73154C0080FB56 /* TopMoverItemView.swift in Sources */ = {isa = PBXBuildFile; fileRef = BECCFC3A2C73154C0080FB56 /* TopMoverItemView.swift */; };
		BECCFC3F2C731AB70080FB56 /* AllCoinView.swift in Sources */ = {isa = PBXBuildFile; fileRef = BECCFC3E2C731AB70080FB56 /* AllCoinView.swift */; };
		BECCFC412C731AC60080FB56 /* CoinRowView.swift in Sources */ = {isa = PBXBuildFile; fileRef = BECCFC402C731AC60080FB56 /* CoinRowView.swift */; };
		BED992EC2C72629600FBCA8A /* SwiftCoinApp.swift in Sources */ = {isa = PBXBuildFile; fileRef = BED992EB2C72629600FBCA8A /* SwiftCoinApp.swift */; };
		BED992EE2C72629600FBCA8A /* ContentView.swift in Sources */ = {isa = PBXBuildFile; fileRef = BED992ED2C72629600FBCA8A /* ContentView.swift */; };
		BED992F02C72629800FBCA8A /* Assets.xcassets in Resources */ = {isa = PBXBuildFile; fileRef = BED992EF2C72629800FBCA8A /* Assets.xcassets */; };
		BED992F32C72629800FBCA8A /* Preview Assets.xcassets in Resources */ = {isa = PBXBuildFile; fileRef = BED992F22C72629800FBCA8A /* Preview Assets.xcassets */; };
/* End PBXBuildFile section */

/* Begin PBXFileReference section */
		BECCFC352C7314880080FB56 /* HomeView.swift */ = {isa = PBXFileReference; lastKnownFileType = sourcecode.swift; path = HomeView.swift; sourceTree = "<group>"; };
		BECCFC382C7315200080FB56 /* TopMoverView.swift */ = {isa = PBXFileReference; lastKnownFileType = sourcecode.swift; path = TopMoverView.swift; sourceTree = "<group>"; };
		BECCFC3A2C73154C0080FB56 /* TopMoverItemView.swift */ = {isa = PBXFileReference; lastKnownFileType = sourcecode.swift; path = TopMoverItemView.swift; sourceTree = "<group>"; };
		BECCFC3E2C731AB70080FB56 /* AllCoinView.swift */ = {isa = PBXFileReference; lastKnownFileType = sourcecode.swift; path = AllCoinView.swift; sourceTree = "<group>"; };
		BECCFC402C731AC60080FB56 /* CoinRowView.swift */ = {isa = PBXFileReference; lastKnownFileType = sourcecode.swift; path = CoinRowView.swift; sourceTree = "<group>"; };
		BED992E82C72629600FBCA8A /* SwiftCoin.app */ = {isa = PBXFileReference; explicitFileType = wrapper.application; includeInIndex = 0; path = SwiftCoin.app; sourceTree = BUILT_PRODUCTS_DIR; };
		BED992EB2C72629600FBCA8A /* SwiftCoinApp.swift */ = {isa = PBXFileReference; lastKnownFileType = sourcecode.swift; path = SwiftCoinApp.swift; sourceTree = "<group>"; };
		BED992ED2C72629600FBCA8A /* ContentView.swift */ = {isa = PBXFileReference; lastKnownFileType = sourcecode.swift; path = ContentView.swift; sourceTree = "<group>"; };
		BED992EF2C72629800FBCA8A /* Assets.xcassets */ = {isa = PBXFileReference; lastKnownFileType = folder.assetcatalog; path = Assets.xcassets; sourceTree = "<group>"; };
		BED992F22C72629800FBCA8A /* Preview Assets.xcassets */ = {isa = PBXFileReference; lastKnownFileType = folder.assetcatalog; path = "Preview Assets.xcassets"; sourceTree = "<group>"; };
/* End PBXFileReference section */

/* Begin PBXFrameworksBuildPhase section */
		BED992E52C72629600FBCA8A /* Frameworks */ = {
			isa = PBXFrameworksBuildPhase;
			buildActionMask = 2147483647;
			files = (
			);
			runOnlyForDeploymentPostprocessing = 0;
		};
/* End PBXFrameworksBuildPhase section */

/* Begin PBXGroup section */
		BECCFC2D2C7313BA0080FB56 /* App */ = {
			isa = PBXGroup;
			children = (
				BED992EB2C72629600FBCA8A /* SwiftCoinApp.swift */,
			);
			path = App;
			sourceTree = "<group>";
		};
		BECCFC2E2C7313CA0080FB56 /* Core */ = {
			isa = PBXGroup;
			children = (
				BECCFC322C7313F60080FB56 /* Home */,
			);
			path = Core;
			sourceTree = "<group>";
		};
		BECCFC2F2C7313CB0080FB56 /* Model */ = {
			isa = PBXGroup;
			children = (
			);
			path = Model;
			sourceTree = "<group>";
		};
		BECCFC302C7313CE0080FB56 /* Extensions */ = {
			isa = PBXGroup;
			children = (
			);
			path = Extensions;
			sourceTree = "<group>";
		};
		BECCFC312C7313CF0080FB56 /* Utils */ = {
			isa = PBXGroup;
			children = (
			);
			path = Utils;
			sourceTree = "<group>";
		};
		BECCFC322C7313F60080FB56 /* Home */ = {
			isa = PBXGroup;
			children = (
				BECCFC342C73146C0080FB56 /* ViewModel */,
				BECCFC332C7314670080FB56 /* View */,
			);
			path = Home;
			sourceTree = "<group>";
		};
		BECCFC332C7314670080FB56 /* View */ = {
			isa = PBXGroup;
			children = (
				BECCFC352C7314880080FB56 /* HomeView.swift */,
				BECCFC3C2C731A820080FB56 /* TopMover */,
				BECCFC3D2C731A9B0080FB56 /* CoinView */,
			);
			path = View;
			sourceTree = "<group>";
		};
		BECCFC342C73146C0080FB56 /* ViewModel */ = {
			isa = PBXGroup;
			children = (
			);
			path = ViewModel;
			sourceTree = "<group>";
		};
		BECCFC3C2C731A820080FB56 /* TopMover */ = {
			isa = PBXGroup;
			children = (
				BECCFC382C7315200080FB56 /* TopMoverView.swift */,
				BECCFC3A2C73154C0080FB56 /* TopMoverItemView.swift */,
			);
			path = TopMover;
			sourceTree = "<group>";
		};
		BECCFC3D2C731A9B0080FB56 /* CoinView */ = {
			isa = PBXGroup;
			children = (
				BECCFC3E2C731AB70080FB56 /* AllCoinView.swift */,
				BECCFC402C731AC60080FB56 /* CoinRowView.swift */,
			);
			path = CoinView;
			sourceTree = "<group>";
		};
		BED992DF2C72629600FBCA8A = {
			isa = PBXGroup;
			children = (
				BED992EA2C72629600FBCA8A /* SwiftCoin */,
				BED992E92C72629600FBCA8A /* Products */,
			);
			sourceTree = "<group>";
		};
		BED992E92C72629600FBCA8A /* Products */ = {
			isa = PBXGroup;
			children = (
				BED992E82C72629600FBCA8A /* SwiftCoin.app */,
			);
			name = Products;
			sourceTree = "<group>";
		};
		BED992EA2C72629600FBCA8A /* SwiftCoin */ = {
			isa = PBXGroup;
			children = (
				BECCFC2D2C7313BA0080FB56 /* App */,
				BECCFC2E2C7313CA0080FB56 /* Core */,
				BECCFC2F2C7313CB0080FB56 /* Model */,
				BECCFC312C7313CF0080FB56 /* Utils */,
				BECCFC302C7313CE0080FB56 /* Extensions */,
				BED992ED2C72629600FBCA8A /* ContentView.swift */,
				BED992EF2C72629800FBCA8A /* Assets.xcassets */,
				BED992F12C72629800FBCA8A /* Preview Content */,
			);
			path = SwiftCoin;
			sourceTree = "<group>";
		};
		BED992F12C72629800FBCA8A /* Preview Content */ = {
			isa = PBXGroup;
			children = (
				BED992F22C72629800FBCA8A /* Preview Assets.xcassets */,
			);
			path = "Preview Content";
			sourceTree = "<group>";
		};
/* End PBXGroup section */

/* Begin PBXNativeTarget section */
		BED992E72C72629600FBCA8A /* SwiftCoin */ = {
			isa = PBXNativeTarget;
			buildConfigurationList = BED992F62C72629800FBCA8A /* Build configuration list for PBXNativeTarget "SwiftCoin" */;
			buildPhases = (
				BED992E42C72629600FBCA8A /* Sources */,
				BED992E52C72629600FBCA8A /* Frameworks */,
				BED992E62C72629600FBCA8A /* Resources */,
			);
			buildRules = (
			);
			dependencies = (
			);
			name = SwiftCoin;
			productName = SwiftCoin;
			productReference = BED992E82C72629600FBCA8A /* SwiftCoin.app */;
			productType = "com.apple.product-type.application";
		};
/* End PBXNativeTarget section */

/* Begin PBXProject section */
		BED992E02C72629600FBCA8A /* Project object */ = {
			isa = PBXProject;
			attributes = {
				BuildIndependentTargetsInParallel = 1;
				LastSwiftUpdateCheck = 1540;
				LastUpgradeCheck = 1540;
				TargetAttributes = {
					BED992E72C72629600FBCA8A = {
						CreatedOnToolsVersion = 15.4;
					};
				};
			};
			buildConfigurationList = BED992E32C72629600FBCA8A /* Build configuration list for PBXProject "SwiftCoin" */;
			compatibilityVersion = "Xcode 14.0";
			developmentRegion = en;
			hasScannedForEncodings = 0;
			knownRegions = (
				en,
				Base,
			);
			mainGroup = BED992DF2C72629600FBCA8A;
			productRefGroup = BED992E92C72629600FBCA8A /* Products */;
			projectDirPath = "";
			projectRoot = "";
			targets = (
				BED992E72C72629600FBCA8A /* SwiftCoin */,
			);
		};
/* End PBXProject section */

/* Begin PBXResourcesBuildPhase section */
		BED992E62C72629600FBCA8A /* Resources */ = {
			isa = PBXResourcesBuildPhase;
			buildActionMask = 2147483647;
			files = (
				BED992F32C72629800FBCA8A /* Preview Assets.xcassets in Resources */,
				BED992F02C72629800FBCA8A /* Assets.xcassets in Resources */,
			);
			runOnlyForDeploymentPostprocessing = 0;
		};
/* End PBXResourcesBuildPhase section */

/* Begin PBXSourcesBuildPhase section */
		BED992E42C72629600FBCA8A /* Sources */ = {
			isa = PBXSourcesBuildPhase;
			buildActionMask = 2147483647;
			files = (
				BECCFC392C7315200080FB56 /* TopMoverView.swift in Sources */,
				BECCFC3F2C731AB70080FB56 /* AllCoinView.swift in Sources */,
				BECCFC3B2C73154C0080FB56 /* TopMoverItemView.swift in Sources */,
				BECCFC362C7314880080FB56 /* HomeView.swift in Sources */,
				BED992EE2C72629600FBCA8A /* ContentView.swift in Sources */,
				BECCFC412C731AC60080FB56 /* CoinRowView.swift in Sources */,
				BED992EC2C72629600FBCA8A /* SwiftCoinApp.swift in Sources */,
			);
			runOnlyForDeploymentPostprocessing = 0;
		};
/* End PBXSourcesBuildPhase section */

/* Begin XCBuildConfiguration section */
		BED992F42C72629800FBCA8A /* Debug */ = {
			isa = XCBuildConfiguration;
			buildSettings = {
				ALWAYS_SEARCH_USER_PATHS = NO;
				ASSETCATALOG_COMPILER_GENERATE_SWIFT_ASSET_SYMBOL_EXTENSIONS = YES;
				CLANG_ANALYZER_NONNULL = YES;
				CLANG_ANALYZER_NUMBER_OBJECT_CONVERSION = YES_AGGRESSIVE;
				CLANG_CXX_LANGUAGE_STANDARD = "gnu++20";
				CLANG_ENABLE_MODULES = YES;
				CLANG_ENABLE_OBJC_ARC = YES;
				CLANG_ENABLE_OBJC_WEAK = YES;
				CLANG_WARN_BLOCK_CAPTURE_AUTORELEASING = YES;
				CLANG_WARN_BOOL_CONVERSION = YES;
				CLANG_WARN_COMMA = YES;
				CLANG_WARN_CONSTANT_CONVERSION = YES;
				CLANG_WARN_DEPRECATED_OBJC_IMPLEMENTATIONS = YES;
				CLANG_WARN_DIRECT_OBJC_ISA_USAGE = YES_ERROR;
				CLANG_WARN_DOCUMENTATION_COMMENTS = YES;
				CLANG_WARN_EMPTY_BODY = YES;
				CLANG_WARN_ENUM_CONVERSION = YES;
				CLANG_WARN_INFINITE_RECURSION = YES;
				CLANG_WARN_INT_CONVERSION = YES;
				CLANG_WARN_NON_LITERAL_NULL_CONVERSION = YES;
				CLANG_WARN_OBJC_IMPLICIT_RETAIN_SELF = YES;
				CLANG_WARN_OBJC_LITERAL_CONVERSION = YES;
				CLANG_WARN_OBJC_ROOT_CLASS = YES_ERROR;
				CLANG_WARN_QUOTED_INCLUDE_IN_FRAMEWORK_HEADER = YES;
				CLANG_WARN_RANGE_LOOP_ANALYSIS = YES;
				CLANG_WARN_STRICT_PROTOTYPES = YES;
				CLANG_WARN_SUSPICIOUS_MOVE = YES;
				CLANG_WARN_UNGUARDED_AVAILABILITY = YES_AGGRESSIVE;
				CLANG_WARN_UNREACHABLE_CODE = YES;
				CLANG_WARN__DUPLICATE_METHOD_MATCH = YES;
				COPY_PHASE_STRIP = NO;
				DEBUG_INFORMATION_FORMAT = dwarf;
				ENABLE_STRICT_OBJC_MSGSEND = YES;
				ENABLE_TESTABILITY = YES;
				ENABLE_USER_SCRIPT_SANDBOXING = YES;
				GCC_C_LANGUAGE_STANDARD = gnu17;
				GCC_DYNAMIC_NO_PIC = NO;
				GCC_NO_COMMON_BLOCKS = YES;
				GCC_OPTIMIZATION_LEVEL = 0;
				GCC_PREPROCESSOR_DEFINITIONS = (
					"DEBUG=1",
					"$(inherited)",
				);
				GCC_WARN_64_TO_32_BIT_CONVERSION = YES;
				GCC_WARN_ABOUT_RETURN_TYPE = YES_ERROR;
				GCC_WARN_UNDECLARED_SELECTOR = YES;
				GCC_WARN_UNINITIALIZED_AUTOS = YES_AGGRESSIVE;
				GCC_WARN_UNUSED_FUNCTION = YES;
				GCC_WARN_UNUSED_VARIABLE = YES;
				IPHONEOS_DEPLOYMENT_TARGET = 17.5;
				LOCALIZATION_PREFERS_STRING_CATALOGS = YES;
				MTL_ENABLE_DEBUG_INFO = INCLUDE_SOURCE;
				MTL_FAST_MATH = YES;
				ONLY_ACTIVE_ARCH = YES;
				SDKROOT = iphoneos;
				SWIFT_ACTIVE_COMPILATION_CONDITIONS = "DEBUG $(inherited)";
				SWIFT_OPTIMIZATION_LEVEL = "-Onone";
			};
			name = Debug;
		};
		BED992F52C72629800FBCA8A /* Release */ = {
			isa = XCBuildConfiguration;
			buildSettings = {
				ALWAYS_SEARCH_USER_PATHS = NO;
				ASSETCATALOG_COMPILER_GENERATE_SWIFT_ASSET_SYMBOL_EXTENSIONS = YES;
				CLANG_ANALYZER_NONNULL = YES;
				CLANG_ANALYZER_NUMBER_OBJECT_CONVERSION = YES_AGGRESSIVE;
				CLANG_CXX_LANGUAGE_STANDARD = "gnu++20";
				CLANG_ENABLE_MODULES = YES;
				CLANG_ENABLE_OBJC_ARC = YES;
				CLANG_ENABLE_OBJC_WEAK = YES;
				CLANG_WARN_BLOCK_CAPTURE_AUTORELEASING = YES;
				CLANG_WARN_BOOL_CONVERSION = YES;
				CLANG_WARN_COMMA = YES;
				CLANG_WARN_CONSTANT_CONVERSION = YES;
				CLANG_WARN_DEPRECATED_OBJC_IMPLEMENTATIONS = YES;
				CLANG_WARN_DIRECT_OBJC_ISA_USAGE = YES_ERROR;
				CLANG_WARN_DOCUMENTATION_COMMENTS = YES;
				CLANG_WARN_EMPTY_BODY = YES;
				CLANG_WARN_ENUM_CONVERSION = YES;
				CLANG_WARN_INFINITE_RECURSION = YES;
				CLANG_WARN_INT_CONVERSION = YES;
				CLANG_WARN_NON_LITERAL_NULL_CONVERSION = YES;
				CLANG_WARN_OBJC_IMPLICIT_RETAIN_SELF = YES;
				CLANG_WARN_OBJC_LITERAL_CONVERSION = YES;
				CLANG_WARN_OBJC_ROOT_CLASS = YES_ERROR;
				CLANG_WARN_QUOTED_INCLUDE_IN_FRAMEWORK_HEADER = YES;
				CLANG_WARN_RANGE_LOOP_ANALYSIS = YES;
				CLANG_WARN_STRICT_PROTOTYPES = YES;
				CLANG_WARN_SUSPICIOUS_MOVE = YES;
				CLANG_WARN_UNGUARDED_AVAILABILITY = YES_AGGRESSIVE;
				CLANG_WARN_UNREACHABLE_CODE = YES;
				CLANG_WARN__DUPLICATE_METHOD_MATCH = YES;
				COPY_PHASE_STRIP = NO;
				DEBUG_INFORMATION_FORMAT = "dwarf-with-dsym";
				ENABLE_NS_ASSERTIONS = NO;
				ENABLE_STRICT_OBJC_MSGSEND = YES;
				ENABLE_USER_SCRIPT_SANDBOXING = YES;
				GCC_C_LANGUAGE_STANDARD = gnu17;
				GCC_NO_COMMON_BLOCKS = YES;
				GCC_WARN_64_TO_32_BIT_CONVERSION = YES;
				GCC_WARN_ABOUT_RETURN_TYPE = YES_ERROR;
				GCC_WARN_UNDECLARED_SELECTOR = YES;
				GCC_WARN_UNINITIALIZED_AUTOS = YES_AGGRESSIVE;
				GCC_WARN_UNUSED_FUNCTION = YES;
				GCC_WARN_UNUSED_VARIABLE = YES;
				IPHONEOS_DEPLOYMENT_TARGET = 17.5;
				LOCALIZATION_PREFERS_STRING_CATALOGS = YES;
				MTL_ENABLE_DEBUG_INFO = NO;
				MTL_FAST_MATH = YES;
				SDKROOT = iphoneos;
				SWIFT_COMPILATION_MODE = wholemodule;
				VALIDATE_PRODUCT = YES;
			};
			name = Release;
		};
		BED992F72C72629800FBCA8A /* Debug */ = {
			isa = XCBuildConfiguration;
			buildSettings = {
				ASSETCATALOG_COMPILER_APPICON_NAME = AppIcon;
				ASSETCATALOG_COMPILER_GLOBAL_ACCENT_COLOR_NAME = AccentColor;
				CODE_SIGN_STYLE = Automatic;
				CURRENT_PROJECT_VERSION = 1;
				DEVELOPMENT_ASSET_PATHS = "\"SwiftCoin/Preview Content\"";
				DEVELOPMENT_TEAM = MG6557R998;
				ENABLE_PREVIEWS = YES;
				GENERATE_INFOPLIST_FILE = YES;
				INFOPLIST_KEY_UIApplicationSceneManifest_Generation = YES;
				INFOPLIST_KEY_UIApplicationSupportsIndirectInputEvents = YES;
				INFOPLIST_KEY_UILaunchScreen_Generation = YES;
				INFOPLIST_KEY_UISupportedInterfaceOrientations_iPad = "UIInterfaceOrientationPortrait UIInterfaceOrientationPortraitUpsideDown UIInterfaceOrientationLandscapeLeft UIInterfaceOrientationLandscapeRight";
				INFOPLIST_KEY_UISupportedInterfaceOrientations_iPhone = "UIInterfaceOrientationPortrait UIInterfaceOrientationLandscapeLeft UIInterfaceOrientationLandscapeRight";
				LD_RUNPATH_SEARCH_PATHS = (
					"$(inherited)",
					"@executable_path/Frameworks",
				);
				MARKETING_VERSION = 1.0;
				PRODUCT_BUNDLE_IDENTIFIER = kadyan.SwiftCoin;
				PRODUCT_NAME = "$(TARGET_NAME)";
				SWIFT_EMIT_LOC_STRINGS = YES;
				SWIFT_VERSION = 5.0;
				TARGETED_DEVICE_FAMILY = "1,2";
			};
			name = Debug;
		};
		BED992F82C72629800FBCA8A /* Release */ = {
			isa = XCBuildConfiguration;
			buildSettings = {
				ASSETCATALOG_COMPILER_APPICON_NAME = AppIcon;
				ASSETCATALOG_COMPILER_GLOBAL_ACCENT_COLOR_NAME = AccentColor;
				CODE_SIGN_STYLE = Automatic;
				CURRENT_PROJECT_VERSION = 1;
				DEVELOPMENT_ASSET_PATHS = "\"SwiftCoin/Preview Content\"";
				DEVELOPMENT_TEAM = MG6557R998;
				ENABLE_PREVIEWS = YES;
				GENERATE_INFOPLIST_FILE = YES;
				INFOPLIST_KEY_UIApplicationSceneManifest_Generation = YES;
				INFOPLIST_KEY_UIApplicationSupportsIndirectInputEvents = YES;
				INFOPLIST_KEY_UILaunchScreen_Generation = YES;
				INFOPLIST_KEY_UISupportedInterfaceOrientations_iPad = "UIInterfaceOrientationPortrait UIInterfaceOrientationPortraitUpsideDown UIInterfaceOrientationLandscapeLeft UIInterfaceOrientationLandscapeRight";
				INFOPLIST_KEY_UISupportedInterfaceOrientations_iPhone = "UIInterfaceOrientationPortrait UIInterfaceOrientationLandscapeLeft UIInterfaceOrientationLandscapeRight";
				LD_RUNPATH_SEARCH_PATHS = (
					"$(inherited)",
					"@executable_path/Frameworks",
				);
				MARKETING_VERSION = 1.0;
				PRODUCT_BUNDLE_IDENTIFIER = kadyan.SwiftCoin;
				PRODUCT_NAME = "$(TARGET_NAME)";
				SWIFT_EMIT_LOC_STRINGS = YES;
				SWIFT_VERSION = 5.0;
				TARGETED_DEVICE_FAMILY = "1,2";
			};
			name = Release;
		};
/* End XCBuildConfiguration section */

/* Begin XCConfigurationList section */
		BED992E32C72629600FBCA8A /* Build configuration list for PBXProject "SwiftCoin" */ = {
			isa = XCConfigurationList;
			buildConfigurations = (
				BED992F42C72629800FBCA8A /* Debug */,
				BED992F52C72629800FBCA8A /* Release */,
			);
			defaultConfigurationIsVisible = 0;
			defaultConfigurationName = Release;
		};
		BED992F62C72629800FBCA8A /* Build configuration list for PBXNativeTarget "SwiftCoin" */ = {
			isa = XCConfigurationList;
			buildConfigurations = (
				BED992F72C72629800FBCA8A /* Debug */,
				BED992F82C72629800FBCA8A /* Release */,
			);
			defaultConfigurationIsVisible = 0;
			defaultConfigurationName = Release;
		};
/* End XCConfigurationList section */
	};
	rootObject = BED992E02C72629600FBCA8A /* Project object */;
}
